
Microsoft Visual Studio Solution File, Format Version 12.00
# Visual Studio Version 17
VisualStudioVersion = 17.5.33516.290
MinimumVisualStudioVersion = 10.0.40219.1
Project("{FAE04EC0-301F-11D3-BF4B-00C04F79EFBC}") = "ElectricityBills", "ElectricityBills\ElectricityBills.csproj", "{0413F911-89F1-4BB6-A857-7FEE54029215}"
EndProject
Project("{FAE04EC0-301F-11D3-BF4B-00C04F79EFBC}") = "CustomerData", "CustomerData\CustomerData.csproj", "{4D16FB6A-37B4-46D8-8020-A453567490D7}"
EndProject
Project("{FAE04EC0-301F-11D3-BF4B-00C04F79EFBC}") = "UserTests", "CustomerDataTests\UserTests.csproj", "{6761B4B6-3DB7-4BC0-8603-6C7D815F1532}"
EndProject
Global
	GlobalSection(SolutionConfigurationPlatforms) = preSolution
		Debug|Any CPU = Debug|Any CPU
		Release|Any CPU = Release|Any CPU
	EndGlobalSection
	GlobalSection(ProjectConfigurationPlatforms) = postSolution
		{0413F911-89F1-4BB6-A857-7FEE54029215}.Debug|Any CPU.ActiveCfg = Debug|Any CPU
		{0413F911-89F1-4BB6-A857-7FEE54029215}.Debug|Any CPU.Build.0 = Debug|Any CPU
		{0413F911-89F1-4BB6-A857-7FEE54029215}.Release|Any CPU.ActiveCfg = Release|Any CPU
		{0413F911-89F1-4BB6-A857-7FEE54029215}.Release|Any CPU.Build.0 = Release|Any CPU
		{4D16FB6A-37B4-46D8-8020-A453567490D7}.Debug|Any CPU.ActiveCfg = Debug|Any CPU
		{4D16FB6A-37B4-46D8-8020-A453567490D7}.Debug|Any CPU.Build.0 = Debug|Any CPU
		{4D16FB6A-37B4-46D8-8020-A453567490D7}.Release|Any CPU.ActiveCfg = Release|Any CPU
		{4D16FB6A-37B4-46D8-8020-A453567490D7}.Release|Any CPU.Build.0 = Release|Any CPU
		{6761B4B6-3DB7-4BC0-8603-6C7D815F1532}.Debug|Any CPU.ActiveCfg = Debug|Any CPU
		{6761B4B6-3DB7-4BC0-8603-6C7D815F1532}.Debug|Any CPU.Build.0 = Debug|Any CPU
		{6761B4B6-3DB7-4BC0-8603-6C7D815F1532}.Release|Any CPU.ActiveCfg = Release|Any CPU
		{6761B4B6-3DB7-4BC0-8603-6C7D815F1532}.Release|Any CPU.Build.0 = Release|Any CPU
	EndGlobalSection
	GlobalSection(SolutionProperties) = preSolution
		HideSolutionNode = FALSE
	EndGlobalSection
	GlobalSection(ExtensibilityGlobals) = postSolution
		SolutionGuid = {564F046E-1E02-4AE2-8B20-F7B61E6F9EB4}
	EndGlobalSection
EndGlobal
